
Microsoft Visual Studio Solution File, Format Version 12.00
# Visual Studio 15
VisualStudioVersion = 15.0.28307.168
MinimumVisualStudioVersion = 10.0.40219.1
Project("{FAE04EC0-301F-11D3-BF4B-00C04F79EFBC}") = "TestNode", "TestNode\TestNode.csproj", "{FCE4D2C1-7F93-4D3C-A967-FEAF3BC864C0}"
EndProject
Project("{FAE04EC0-301F-11D3-BF4B-00C04F79EFBC}") = "TestNodeSsl", "TestNodeSsl\TestNodeSsl.csproj", "{382AF9B3-3142-4759-8C41-03254F8D0A47}"
EndProject
Project("{9A19103F-16F7-4668-BE54-9A1E7A4F7556}") = "WatsonCluster", "WatsonCluster\WatsonCluster.csproj", "{B0CBC7C2-2A4E-4DD3-9679-830B828CB976}"
EndProject
Global
	GlobalSection(SolutionConfigurationPlatforms) = preSolution
		Debug|Any CPU = Debug|Any CPU
		Release|Any CPU = Release|Any CPU
	EndGlobalSection
	GlobalSection(ProjectConfigurationPlatforms) = postSolution
		{FCE4D2C1-7F93-4D3C-A967-FEAF3BC864C0}.Debug|Any CPU.ActiveCfg = Debug|Any CPU
		{FCE4D2C1-7F93-4D3C-A967-FEAF3BC864C0}.Debug|Any CPU.Build.0 = Debug|Any CPU
		{FCE4D2C1-7F93-4D3C-A967-FEAF3BC864C0}.Release|Any CPU.ActiveCfg = Release|Any CPU
		{FCE4D2C1-7F93-4D3C-A967-FEAF3BC864C0}.Release|Any CPU.Build.0 = Release|Any CPU
		{382AF9B3-3142-4759-8C41-03254F8D0A47}.Debug|Any CPU.ActiveCfg = Debug|Any CPU
		{382AF9B3-3142-4759-8C41-03254F8D0A47}.Debug|Any CPU.Build.0 = Debug|Any CPU
		{382AF9B3-3142-4759-8C41-03254F8D0A47}.Release|Any CPU.ActiveCfg = Release|Any CPU
		{382AF9B3-3142-4759-8C41-03254F8D0A47}.Release|Any CPU.Build.0 = Release|Any CPU
		{B0CBC7C2-2A4E-4DD3-9679-830B828CB976}.Debug|Any CPU.ActiveCfg = Debug|Any CPU
		{B0CBC7C2-2A4E-4DD3-9679-830B828CB976}.Debug|Any CPU.Build.0 = Debug|Any CPU
		{B0CBC7C2-2A4E-4DD3-9679-830B828CB976}.Release|Any CPU.ActiveCfg = Release|Any CPU
		{B0CBC7C2-2A4E-4DD3-9679-830B828CB976}.Release|Any CPU.Build.0 = Release|Any CPU
	EndGlobalSection
	GlobalSection(SolutionProperties) = preSolution
		HideSolutionNode = FALSE
	EndGlobalSection
	GlobalSection(ExtensibilityGlobals) = postSolution
		SolutionGuid = {C98B4BFB-FADF-47E8-85BA-A4A5F4E592FD}
	EndGlobalSection
EndGlobal
