
Microsoft Visual Studio Solution File, Format Version 12.00
# Visual Studio 14
VisualStudioVersion = 14.0.24720.0
MinimumVisualStudioVersion = 10.0.40219.1
Project("{FAE04EC0-301F-11D3-BF4B-00C04F79EFBC}") = "WatsonCluster", "WatsonCluster\WatsonCluster.csproj", "{4710E5B8-1CE9-4C3C-89F5-CB8EC777F7B2}"
EndProject
Project("{FAE04EC0-301F-11D3-BF4B-00C04F79EFBC}") = "TestNode", "TestNode\TestNode.csproj", "{FCE4D2C1-7F93-4D3C-A967-FEAF3BC864C0}"
EndProject
Project("{FAE04EC0-301F-11D3-BF4B-00C04F79EFBC}") = "WatsonClusterSsl", "WatsonClusterSsl\WatsonClusterSsl.csproj", "{D9266160-25E9-45F2-8EC2-0F4E253C9AF8}"
EndProject
Project("{FAE04EC0-301F-11D3-BF4B-00C04F79EFBC}") = "TestNodeSsl", "TestNodeSsl\TestNodeSsl.csproj", "{382AF9B3-3142-4759-8C41-03254F8D0A47}"
EndProject
Global
	GlobalSection(SolutionConfigurationPlatforms) = preSolution
		Debug|Any CPU = Debug|Any CPU
		Release|Any CPU = Release|Any CPU
	EndGlobalSection
	GlobalSection(ProjectConfigurationPlatforms) = postSolution
		{4710E5B8-1CE9-4C3C-89F5-CB8EC777F7B2}.Debug|Any CPU.ActiveCfg = Debug|Any CPU
		{4710E5B8-1CE9-4C3C-89F5-CB8EC777F7B2}.Debug|Any CPU.Build.0 = Debug|Any CPU
		{4710E5B8-1CE9-4C3C-89F5-CB8EC777F7B2}.Release|Any CPU.ActiveCfg = Release|Any CPU
		{4710E5B8-1CE9-4C3C-89F5-CB8EC777F7B2}.Release|Any CPU.Build.0 = Release|Any CPU
		{FCE4D2C1-7F93-4D3C-A967-FEAF3BC864C0}.Debug|Any CPU.ActiveCfg = Debug|Any CPU
		{FCE4D2C1-7F93-4D3C-A967-FEAF3BC864C0}.Debug|Any CPU.Build.0 = Debug|Any CPU
		{FCE4D2C1-7F93-4D3C-A967-FEAF3BC864C0}.Release|Any CPU.ActiveCfg = Release|Any CPU
		{FCE4D2C1-7F93-4D3C-A967-FEAF3BC864C0}.Release|Any CPU.Build.0 = Release|Any CPU
		{D9266160-25E9-45F2-8EC2-0F4E253C9AF8}.Debug|Any CPU.ActiveCfg = Debug|Any CPU
		{D9266160-25E9-45F2-8EC2-0F4E253C9AF8}.Debug|Any CPU.Build.0 = Debug|Any CPU
		{D9266160-25E9-45F2-8EC2-0F4E253C9AF8}.Release|Any CPU.ActiveCfg = Release|Any CPU
		{D9266160-25E9-45F2-8EC2-0F4E253C9AF8}.Release|Any CPU.Build.0 = Release|Any CPU
		{382AF9B3-3142-4759-8C41-03254F8D0A47}.Debug|Any CPU.ActiveCfg = Debug|Any CPU
		{382AF9B3-3142-4759-8C41-03254F8D0A47}.Debug|Any CPU.Build.0 = Debug|Any CPU
		{382AF9B3-3142-4759-8C41-03254F8D0A47}.Release|Any CPU.ActiveCfg = Release|Any CPU
		{382AF9B3-3142-4759-8C41-03254F8D0A47}.Release|Any CPU.Build.0 = Release|Any CPU
	EndGlobalSection
	GlobalSection(SolutionProperties) = preSolution
		HideSolutionNode = FALSE
	EndGlobalSection
EndGlobal
